{
  "version": 1,
  "dependencies": {
    ".NETnanoFramework,Version=v1.0": {
      "nanoFramework.System.Text": {
        "type": "Direct",
        "requested": "[1.2.22, 1.2.22]",
        "resolved": "1.2.22",
        "contentHash": "vLvU0II3oJfajQ8MgNm8aCkaQ2JhjznzruwksOorbMJf86zLRbA5NUeg9X/KjbAE5pIalitUOqtNLKorYTbYGg=="
      }
    }
  }
}